
Microsoft Visual Studio Solution File, Format Version 12.00
# Visual Studio 15
VisualStudioVersion = 15.0.27004.2002
MinimumVisualStudioVersion = 10.0.40219.1
Project("{FAE04EC0-301F-11D3-BF4B-00C04F79EFBC}") = "CircleArea", "task1\CircleArea.csproj", "{E0FA3BFC-8013-47D4-8EE3-6871E55ED6B1}"
EndProject
Project("{FAE04EC0-301F-11D3-BF4B-00C04F79EFBC}") = "AverageNumber", "task2\AverageNumber.csproj", "{87B8B57D-181F-4C4D-9627-9BC174D518DC}"
EndProject
Project("{FAE04EC0-301F-11D3-BF4B-00C04F79EFBC}") = "Calculator", "task3.1\Calculator.csproj", "{BE0F4715-7487-4B87-A256-43E28782CA33}"
EndProject
Project("{FAE04EC0-301F-11D3-BF4B-00C04F79EFBC}") = "PiggyBank", "PiggyBank\PiggyBank.csproj", "{41C586B8-121E-4E67-8E72-D818D420AFE4}"
EndProject
Global
	GlobalSection(SolutionConfigurationPlatforms) = preSolution
		Debug|Any CPU = Debug|Any CPU
		Release|Any CPU = Release|Any CPU
	EndGlobalSection
	GlobalSection(ProjectConfigurationPlatforms) = postSolution
		{E0FA3BFC-8013-47D4-8EE3-6871E55ED6B1}.Debug|Any CPU.ActiveCfg = Debug|Any CPU
		{E0FA3BFC-8013-47D4-8EE3-6871E55ED6B1}.Debug|Any CPU.Build.0 = Debug|Any CPU
		{E0FA3BFC-8013-47D4-8EE3-6871E55ED6B1}.Release|Any CPU.ActiveCfg = Release|Any CPU
		{E0FA3BFC-8013-47D4-8EE3-6871E55ED6B1}.Release|Any CPU.Build.0 = Release|Any CPU
		{87B8B57D-181F-4C4D-9627-9BC174D518DC}.Debug|Any CPU.ActiveCfg = Debug|Any CPU
		{87B8B57D-181F-4C4D-9627-9BC174D518DC}.Debug|Any CPU.Build.0 = Debug|Any CPU
		{87B8B57D-181F-4C4D-9627-9BC174D518DC}.Release|Any CPU.ActiveCfg = Release|Any CPU
		{87B8B57D-181F-4C4D-9627-9BC174D518DC}.Release|Any CPU.Build.0 = Release|Any CPU
		{BE0F4715-7487-4B87-A256-43E28782CA33}.Debug|Any CPU.ActiveCfg = Debug|Any CPU
		{BE0F4715-7487-4B87-A256-43E28782CA33}.Debug|Any CPU.Build.0 = Debug|Any CPU
		{BE0F4715-7487-4B87-A256-43E28782CA33}.Release|Any CPU.ActiveCfg = Release|Any CPU
		{BE0F4715-7487-4B87-A256-43E28782CA33}.Release|Any CPU.Build.0 = Release|Any CPU
		{41C586B8-121E-4E67-8E72-D818D420AFE4}.Debug|Any CPU.ActiveCfg = Debug|Any CPU
		{41C586B8-121E-4E67-8E72-D818D420AFE4}.Debug|Any CPU.Build.0 = Debug|Any CPU
		{41C586B8-121E-4E67-8E72-D818D420AFE4}.Release|Any CPU.ActiveCfg = Release|Any CPU
		{41C586B8-121E-4E67-8E72-D818D420AFE4}.Release|Any CPU.Build.0 = Release|Any CPU
	EndGlobalSection
	GlobalSection(SolutionProperties) = preSolution
		HideSolutionNode = FALSE
	EndGlobalSection
	GlobalSection(ExtensibilityGlobals) = postSolution
		SolutionGuid = {12D935CB-B047-4975-824B-20F26476D88D}
	EndGlobalSection
EndGlobal
